
Microsoft Visual Studio Solution File, Format Version 12.00
# Visual Studio 15
Project("{FAE04EC0-301F-11D3-BF4B-00C04F79EFBC}") = "dream.Android", "dream.Android\dream.Android.csproj", "{946543C5-2D8B-46FB-AFC4-C462D8F5BB10}"
EndProject
Project("{FAE04EC0-301F-11D3-BF4B-00C04F79EFBC}") = "dream.iOS", "dream.iOS\dream.iOS.csproj", "{49FAF6B3-3BF6-4EC6-B6BC-AF55D8B8468A}"
EndProject
Project("{FAE04EC0-301F-11D3-BF4B-00C04F79EFBC}") = "dream", "dream\dream.csproj", "{13859724-55EE-432D-9BB7-5C9C076AE59D}"
EndProject
Global
	GlobalSection(SolutionConfigurationPlatforms) = preSolution
		Debug|Any CPU = Debug|Any CPU
		Release|Any CPU = Release|Any CPU
		Debug|iPhoneSimulator = Debug|iPhoneSimulator
		Release|iPhoneSimulator = Release|iPhoneSimulator
		Debug|iPhone = Debug|iPhone
		Release|iPhone = Release|iPhone
	EndGlobalSection
	GlobalSection(ProjectConfigurationPlatforms) = postSolution
		{946543C5-2D8B-46FB-AFC4-C462D8F5BB10}.Debug|Any CPU.ActiveCfg = Debug|Any CPU
		{946543C5-2D8B-46FB-AFC4-C462D8F5BB10}.Debug|Any CPU.Build.0 = Debug|Any CPU
		{946543C5-2D8B-46FB-AFC4-C462D8F5BB10}.Release|Any CPU.ActiveCfg = Release|Any CPU
		{946543C5-2D8B-46FB-AFC4-C462D8F5BB10}.Release|Any CPU.Build.0 = Release|Any CPU
		{946543C5-2D8B-46FB-AFC4-C462D8F5BB10}.Debug|iPhoneSimulator.ActiveCfg = Debug|Any CPU
		{946543C5-2D8B-46FB-AFC4-C462D8F5BB10}.Debug|iPhoneSimulator.Build.0 = Debug|Any CPU
		{946543C5-2D8B-46FB-AFC4-C462D8F5BB10}.Release|iPhoneSimulator.ActiveCfg = Release|Any CPU
		{946543C5-2D8B-46FB-AFC4-C462D8F5BB10}.Release|iPhoneSimulator.Build.0 = Release|Any CPU
		{946543C5-2D8B-46FB-AFC4-C462D8F5BB10}.Debug|iPhone.ActiveCfg = Debug|Any CPU
		{946543C5-2D8B-46FB-AFC4-C462D8F5BB10}.Debug|iPhone.Build.0 = Debug|Any CPU
		{946543C5-2D8B-46FB-AFC4-C462D8F5BB10}.Release|iPhone.ActiveCfg = Release|Any CPU
		{946543C5-2D8B-46FB-AFC4-C462D8F5BB10}.Release|iPhone.Build.0 = Release|Any CPU
		{49FAF6B3-3BF6-4EC6-B6BC-AF55D8B8468A}.Debug|Any CPU.ActiveCfg = Debug|iPhoneSimulator
		{49FAF6B3-3BF6-4EC6-B6BC-AF55D8B8468A}.Debug|Any CPU.Build.0 = Debug|iPhoneSimulator
		{49FAF6B3-3BF6-4EC6-B6BC-AF55D8B8468A}.Release|Any CPU.ActiveCfg = Release|iPhoneSimulator
		{49FAF6B3-3BF6-4EC6-B6BC-AF55D8B8468A}.Release|Any CPU.Build.0 = Release|iPhoneSimulator
		{49FAF6B3-3BF6-4EC6-B6BC-AF55D8B8468A}.Debug|iPhoneSimulator.ActiveCfg = Debug|iPhoneSimulator
		{49FAF6B3-3BF6-4EC6-B6BC-AF55D8B8468A}.Debug|iPhoneSimulator.Build.0 = Debug|iPhoneSimulator
		{49FAF6B3-3BF6-4EC6-B6BC-AF55D8B8468A}.Release|iPhoneSimulator.ActiveCfg = Release|iPhoneSimulator
		{49FAF6B3-3BF6-4EC6-B6BC-AF55D8B8468A}.Release|iPhoneSimulator.Build.0 = Release|iPhoneSimulator
		{49FAF6B3-3BF6-4EC6-B6BC-AF55D8B8468A}.Debug|iPhone.ActiveCfg = Debug|iPhone
		{49FAF6B3-3BF6-4EC6-B6BC-AF55D8B8468A}.Debug|iPhone.Build.0 = Debug|iPhone
		{49FAF6B3-3BF6-4EC6-B6BC-AF55D8B8468A}.Release|iPhone.ActiveCfg = Release|iPhone
		{49FAF6B3-3BF6-4EC6-B6BC-AF55D8B8468A}.Release|iPhone.Build.0 = Release|iPhone
		{13859724-55EE-432D-9BB7-5C9C076AE59D}.Debug|Any CPU.ActiveCfg = Debug|Any CPU
		{13859724-55EE-432D-9BB7-5C9C076AE59D}.Debug|Any CPU.Build.0 = Debug|Any CPU
		{13859724-55EE-432D-9BB7-5C9C076AE59D}.Release|Any CPU.ActiveCfg = Release|Any CPU
		{13859724-55EE-432D-9BB7-5C9C076AE59D}.Release|Any CPU.Build.0 = Release|Any CPU
		{13859724-55EE-432D-9BB7-5C9C076AE59D}.Debug|iPhoneSimulator.ActiveCfg = Debug|Any CPU
		{13859724-55EE-432D-9BB7-5C9C076AE59D}.Debug|iPhoneSimulator.Build.0 = Debug|Any CPU
		{13859724-55EE-432D-9BB7-5C9C076AE59D}.Release|iPhoneSimulator.ActiveCfg = Release|Any CPU
		{13859724-55EE-432D-9BB7-5C9C076AE59D}.Release|iPhoneSimulator.Build.0 = Release|Any CPU
		{13859724-55EE-432D-9BB7-5C9C076AE59D}.Debug|iPhone.ActiveCfg = Debug|Any CPU
		{13859724-55EE-432D-9BB7-5C9C076AE59D}.Debug|iPhone.Build.0 = Debug|Any CPU
		{13859724-55EE-432D-9BB7-5C9C076AE59D}.Release|iPhone.ActiveCfg = Release|Any CPU
		{13859724-55EE-432D-9BB7-5C9C076AE59D}.Release|iPhone.Build.0 = Release|Any CPU
	EndGlobalSection
EndGlobal
